version: 1
checksums:
  ccd9883a935d21ec9b3e775ce5a85195:
    nav/products: a003449ecbde6b7a73044f46ea6bbe75
    nav/pricing: ce27f1aeacccc542a174c4b2bce022b0
    nav/about: 944521eeeed2511833d2299931273c71
    nav/getStarted: 5c783951b0100a168bdd2161ff294833
    hero/eyebrow: 484418db947a7f1fc2315955c41351a5
    hero/headline1: 502d67c70075536d657625dcaffd4461
    hero/headline2: 8058380889147b6335bd6abb940b212e
    hero/subtext: 7b7fa65747fa153dc02f11c9b6fcead1
    hero/cta1: fb26a54c48f2fcf21442e50705e4f6f4
    hero/cta2: f3d2a5bfe26f41c62ba4ac71e211c186
    stats/teams: d82033f6bf5485034f3fad0f9cb7536b
    stats/uptime: 41b061e1ea04698a7381d3ee7cdf1012
    stats/response: 8c063ecf4826c3d6dc4fd3ed87056c48
    stats/integrations: 0ccce343287704cd90150c32e2fcad36
    features/eyebrow: b8cb4430e27f9d3015b20c22657b2d12
    features/items/0/title: 1acb518136935f63e39b763d417991dc
    features/items/0/description: 20b43c3d79f133dbacbd48914c755a88
    features/items/1/title: f045af1a8165feffb496bad552b2b6a4
    features/items/1/description: 483573bca3d8e5c5d916ed1f8ab2fbba
    features/items/2/title: 555b196b65c2e967291dafda01e312e9
    features/items/2/description: d44ecd3261456d539137ec467add427f
    features/items/3/title: 884d9e50fea202257e93fe1f88087ec8
    features/items/3/description: 3b4d88a432661d78d8e7d4ce5b6c68f1
    features/items/4/title: ab9a0dc5d7894f97aa586866c6838a34
    features/items/4/description: d62d947c4ffce0c2502986606fe68571
    features/items/5/title: a54ab738c5d2db752d92a89ff16e2ed3
    features/items/5/description: 2c73c5abac2f74546ddbafda28db9fd5
    pricing/eyebrow: 5aa2bece93a71947b268498a58062937
    pricing/monthly: 6cb28ff89203e2eca3fdd69396dd00d6
    pricing/plans/0/name: 3e96a8e688032f9bd21b436bc70c19d5
    pricing/plans/0/price: 0326365539c004f6088656f692602078
    pricing/plans/0/description: 87b472ed6ac6e3227b83a7ec1396dabd
    pricing/plans/0/features/0: b35d7d7277d4dc42af1d91e615cbddb8
    pricing/plans/0/features/1: dd745c127f2f63ae5bfc778ccade9253
    pricing/plans/0/features/2: 7680b1b3f99309005a8f62115d02ffa7
    pricing/plans/0/features/3: a309698980e2c0d356865f2c39de0ac7
    pricing/plans/0/cta: 5c783951b0100a168bdd2161ff294833
    pricing/plans/1/name: 682b3c9feab30112b4454cb5bb7974b1
    pricing/plans/1/price: 94a17bf4db0a1397bf9f8bdf338dfae3
    pricing/plans/1/description: 87879b2a8b97fe6babc837136c8d71df
    pricing/plans/1/features/0: efa27941636566fc67176563d6506743
    pricing/plans/1/features/1: 7dda8cd0f49f70639fe9e64643d0b07f
    pricing/plans/1/features/2: ba86ddd272252bf41fe76785628abff1
    pricing/plans/1/features/3: bb9f62c1cd0601e0b3fae13f7685c81d
    pricing/plans/1/cta: e346e4ed7d138dcc873db187922369da
    pricing/plans/2/name: c70474271708e5b27392fde87462fa26
    pricing/plans/2/price: b7b89901f46267f532600a23cfc54ae2
    pricing/plans/2/description: 102d07f6626c009850df9273d02e8ce9
    pricing/plans/2/features/0: 3f5129ff1f01eed4f051a8790ed62997
    pricing/plans/2/features/1: a21bce55d45e465319702f29583ffbe1
    pricing/plans/2/features/2: 28a57ff95b08e633d4078feba035b368
    pricing/plans/2/features/3: 92b85a97447a9e62c43e485c993da9a1
    pricing/plans/2/cta: 96b007a10422b3b066647330a8d5adf9
    cta/headline: 69a482acb7b1d650f8a2f24e0fc2595f
    cta/subtext: 5817500325b80ddd60f512e4263e41d7
    cta/button: 595ea090e0374fa2c60da872c230eefd
    footer/privacy: 7459744a63ef8af4e517a09024bd7c08
    footer/terms: 5add91f519e39025708e54a7eb7a9fc5
    footer/contact: 694a45bc5c96f6f3a27873c1cf5a7707
    footer/rights: 5380702f24c8279380a7a51c07440da0
